
Microsoft Visual Studio Solution File, Format Version 12.00
# Visual Studio Version 16
VisualStudioVersion = 16.0.31829.152
MinimumVisualStudioVersion = 10.0.40219.1
Project("{FAE04EC0-301F-11D3-BF4B-00C04F79EFBC}") = "TestingAerolinea", "TestingAerolinea.csproj", "{B9566AEC-F88F-4BF0-BD01-3A221A6F0B85}"
EndProject
Project("{9A19103F-16F7-4668-BE54-9A1E7A4F7556}") = "Aerolinea", "..\..\Código\AerolineaV12 - Copy\AerolíneaV3\Aerolinea\Aerolinea.csproj", "{08E81CE6-CB0F-467E-A9AF-CDEB92B7F789}"
EndProject
Global
	GlobalSection(SolutionConfigurationPlatforms) = preSolution
		Debug|Any CPU = Debug|Any CPU
		Release|Any CPU = Release|Any CPU
	EndGlobalSection
	GlobalSection(ProjectConfigurationPlatforms) = postSolution
		{B9566AEC-F88F-4BF0-BD01-3A221A6F0B85}.Debug|Any CPU.ActiveCfg = Debug|Any CPU
		{B9566AEC-F88F-4BF0-BD01-3A221A6F0B85}.Debug|Any CPU.Build.0 = Debug|Any CPU
		{B9566AEC-F88F-4BF0-BD01-3A221A6F0B85}.Release|Any CPU.ActiveCfg = Release|Any CPU
		{B9566AEC-F88F-4BF0-BD01-3A221A6F0B85}.Release|Any CPU.Build.0 = Release|Any CPU
		{08E81CE6-CB0F-467E-A9AF-CDEB92B7F789}.Debug|Any CPU.ActiveCfg = Debug|Any CPU
		{08E81CE6-CB0F-467E-A9AF-CDEB92B7F789}.Debug|Any CPU.Build.0 = Debug|Any CPU
		{08E81CE6-CB0F-467E-A9AF-CDEB92B7F789}.Release|Any CPU.ActiveCfg = Release|Any CPU
		{08E81CE6-CB0F-467E-A9AF-CDEB92B7F789}.Release|Any CPU.Build.0 = Release|Any CPU
	EndGlobalSection
	GlobalSection(SolutionProperties) = preSolution
		HideSolutionNode = FALSE
	EndGlobalSection
	GlobalSection(ExtensibilityGlobals) = postSolution
		SolutionGuid = {CFFEBE93-AF31-47C2-96E9-C37878FA1092}
	EndGlobalSection
EndGlobal
