
Microsoft Visual Studio Solution File, Format Version 12.00
# Visual Studio Version 16
VisualStudioVersion = 16.0.31424.327
MinimumVisualStudioVersion = 10.0.40219.1
Project("{9A19103F-16F7-4668-BE54-9A1E7A4F7556}") = "Aerolinea", "Aerolinea.csproj", "{95EA0FF8-C314-4F38-A960-D4F45DA39D2E}"
EndProject
Project("{9A19103F-16F7-4668-BE54-9A1E7A4F7556}") = "TestingAerolinea", "..\..\TestingAerolinea\TestingAerolinea.csproj", "{00556791-2F7D-46BD-9814-2AF27C1F721A}"
EndProject
Global
	GlobalSection(SolutionConfigurationPlatforms) = preSolution
		Debug|Any CPU = Debug|Any CPU
		Release|Any CPU = Release|Any CPU
	EndGlobalSection
	GlobalSection(ProjectConfigurationPlatforms) = postSolution
		{95EA0FF8-C314-4F38-A960-D4F45DA39D2E}.Debug|Any CPU.ActiveCfg = Debug|Any CPU
		{95EA0FF8-C314-4F38-A960-D4F45DA39D2E}.Debug|Any CPU.Build.0 = Debug|Any CPU
		{95EA0FF8-C314-4F38-A960-D4F45DA39D2E}.Release|Any CPU.ActiveCfg = Release|Any CPU
		{95EA0FF8-C314-4F38-A960-D4F45DA39D2E}.Release|Any CPU.Build.0 = Release|Any CPU
		{00556791-2F7D-46BD-9814-2AF27C1F721A}.Debug|Any CPU.ActiveCfg = Debug|Any CPU
		{00556791-2F7D-46BD-9814-2AF27C1F721A}.Debug|Any CPU.Build.0 = Debug|Any CPU
		{00556791-2F7D-46BD-9814-2AF27C1F721A}.Release|Any CPU.ActiveCfg = Release|Any CPU
		{00556791-2F7D-46BD-9814-2AF27C1F721A}.Release|Any CPU.Build.0 = Release|Any CPU
	EndGlobalSection
	GlobalSection(SolutionProperties) = preSolution
		HideSolutionNode = FALSE
	EndGlobalSection
	GlobalSection(ExtensibilityGlobals) = postSolution
		SolutionGuid = {7A7CE2DF-FFF1-40FF-ADD0-18B1384E60E1}
	EndGlobalSection
EndGlobal
